// !$*UTF8*$!
{
	archiveVersion = 1;
	classes = {
	};
	objectVersion = 56;
	objects = {

/* Begin PBXBuildFile section */
		3E1466242B477BC000341450 /* AppDelegate.swift in Sources */ = {isa = PBXBuildFile; fileRef = 3E1466232B477BC000341450 /* AppDelegate.swift */; };
		3E1466262B477BC000341450 /* SceneDelegate.swift in Sources */ = {isa = PBXBuildFile; fileRef = 3E1466252B477BC000341450 /* SceneDelegate.swift */; };
		3E1466282B477BC000341450 /* APODViewController.swift in Sources */ = {isa = PBXBuildFile; fileRef = 3E1466272B477BC000341450 /* APODViewController.swift */; };
		3E14662B2B477BC000341450 /* Main.storyboard in Resources */ = {isa = PBXBuildFile; fileRef = 3E1466292B477BC000341450 /* Main.storyboard */; };
		3E14662D2B477BC100341450 /* Assets.xcassets in Resources */ = {isa = PBXBuildFile; fileRef = 3E14662C2B477BC100341450 /* Assets.xcassets */; };
		3E1466302B477BC100341450 /* LaunchScreen.storyboard in Resources */ = {isa = PBXBuildFile; fileRef = 3E14662E2B477BC100341450 /* LaunchScreen.storyboard */; };
		3E14663F2B477D6500341450 /* APODData.swift in Sources */ = {isa = PBXBuildFile; fileRef = 3E14663E2B477D6500341450 /* APODData.swift */; };
		3E1466452B47994100341450 /* APIManager.swift in Sources */ = {isa = PBXBuildFile; fileRef = 3E1466442B47994100341450 /* APIManager.swift */; };
		7E9BC2892B4C774800DF0495 /* SkeletonView in Frameworks */ = {isa = PBXBuildFile; productRef = 7E9BC2882B4C774800DF0495 /* SkeletonView */; };
/* End PBXBuildFile section */

/* Begin PBXFileReference section */
		3E1466202B477BC000341450 /* NasaAPI.app */ = {isa = PBXFileReference; explicitFileType = wrapper.application; includeInIndex = 0; path = NasaAPI.app; sourceTree = BUILT_PRODUCTS_DIR; };
		3E1466232B477BC000341450 /* AppDelegate.swift */ = {isa = PBXFileReference; lastKnownFileType = sourcecode.swift; path = AppDelegate.swift; sourceTree = "<group>"; };
		3E1466252B477BC000341450 /* SceneDelegate.swift */ = {isa = PBXFileReference; lastKnownFileType = sourcecode.swift; path = SceneDelegate.swift; sourceTree = "<group>"; };
		3E1466272B477BC000341450 /* APODViewController.swift */ = {isa = PBXFileReference; lastKnownFileType = sourcecode.swift; path = APODViewController.swift; sourceTree = "<group>"; };
		3E14662A2B477BC000341450 /* Base */ = {isa = PBXFileReference; lastKnownFileType = file.storyboard; name = Base; path = Base.lproj/Main.storyboard; sourceTree = "<group>"; };
		3E14662C2B477BC100341450 /* Assets.xcassets */ = {isa = PBXFileReference; lastKnownFileType = folder.assetcatalog; path = Assets.xcassets; sourceTree = "<group>"; };
		3E14662F2B477BC100341450 /* Base */ = {isa = PBXFileReference; lastKnownFileType = file.storyboard; name = Base; path = Base.lproj/LaunchScreen.storyboard; sourceTree = "<group>"; };
		3E1466312B477BC100341450 /* Info.plist */ = {isa = PBXFileReference; lastKnownFileType = text.plist.xml; path = Info.plist; sourceTree = "<group>"; };
		3E14663E2B477D6500341450 /* APODData.swift */ = {isa = PBXFileReference; lastKnownFileType = sourcecode.swift; path = APODData.swift; sourceTree = "<group>"; };
		3E1466442B47994100341450 /* APIManager.swift */ = {isa = PBXFileReference; lastKnownFileType = sourcecode.swift; path = APIManager.swift; sourceTree = "<group>"; };
/* End PBXFileReference section */

/* Begin PBXFrameworksBuildPhase section */
		3E14661D2B477BC000341450 /* Frameworks */ = {
			isa = PBXFrameworksBuildPhase;
			buildActionMask = 2147483647;
			files = (
				7E9BC2892B4C774800DF0495 /* SkeletonView in Frameworks */,
			);
			runOnlyForDeploymentPostprocessing = 0;
		};
/* End PBXFrameworksBuildPhase section */

/* Begin PBXGroup section */
		3E1466172B477BC000341450 = {
			isa = PBXGroup;
			children = (
				3E1466222B477BC000341450 /* NasaAPI */,
				3E1466212B477BC000341450 /* Products */,
			);
			sourceTree = "<group>";
		};
		3E1466212B477BC000341450 /* Products */ = {
			isa = PBXGroup;
			children = (
				3E1466202B477BC000341450 /* NasaAPI.app */,
			);
			name = Products;
			sourceTree = "<group>";
		};
		3E1466222B477BC000341450 /* NasaAPI */ = {
			isa = PBXGroup;
			children = (
				3E1466232B477BC000341450 /* AppDelegate.swift */,
				3E1466252B477BC000341450 /* SceneDelegate.swift */,
				3E14663D2B477BFE00341450 /* Network */,
				3E1466402B47801100341450 /* Model */,
				3E1466412B47813900341450 /* Controller */,
				3E1466292B477BC000341450 /* Main.storyboard */,
				3E14662C2B477BC100341450 /* Assets.xcassets */,
				3E14662E2B477BC100341450 /* LaunchScreen.storyboard */,
				3E1466312B477BC100341450 /* Info.plist */,
			);
			path = NasaAPI;
			sourceTree = "<group>";
		};
		3E14663D2B477BFE00341450 /* Network */ = {
			isa = PBXGroup;
			children = (
				3E1466442B47994100341450 /* APIManager.swift */,
			);
			path = Network;
			sourceTree = "<group>";
		};
		3E1466402B47801100341450 /* Model */ = {
			isa = PBXGroup;
			children = (
				3E14663E2B477D6500341450 /* APODData.swift */,
			);
			path = Model;
			sourceTree = "<group>";
		};
		3E1466412B47813900341450 /* Controller */ = {
			isa = PBXGroup;
			children = (
				3E1466272B477BC000341450 /* APODViewController.swift */,
			);
			path = Controller;
			sourceTree = "<group>";
		};
/* End PBXGroup section */

/* Begin PBXNativeTarget section */
		3E14661F2B477BC000341450 /* NasaAPI */ = {
			isa = PBXNativeTarget;
			buildConfigurationList = 3E1466342B477BC100341450 /* Build configuration list for PBXNativeTarget "NasaAPI" */;
			buildPhases = (
				3E14661C2B477BC000341450 /* Sources */,
				3E14661D2B477BC000341450 /* Frameworks */,
				3E14661E2B477BC000341450 /* Resources */,
			);
			buildRules = (
			);
			dependencies = (
			);
			name = NasaAPI;
			packageProductDependencies = (
				7E9BC2882B4C774800DF0495 /* SkeletonView */,
			);
			productName = NasaAPI;
			productReference = 3E1466202B477BC000341450 /* NasaAPI.app */;
			productType = "com.apple.product-type.application";
		};
/* End PBXNativeTarget section */

/* Begin PBXProject section */
		3E1466182B477BC000341450 /* Project object */ = {
			isa = PBXProject;
			attributes = {
				BuildIndependentTargetsInParallel = 1;
				LastSwiftUpdateCheck = 1500;
				LastUpgradeCheck = 1500;
				TargetAttributes = {
					3E14661F2B477BC000341450 = {
						CreatedOnToolsVersion = 15.0.1;
					};
				};
			};
			buildConfigurationList = 3E14661B2B477BC000341450 /* Build configuration list for PBXProject "NasaAPI" */;
			compatibilityVersion = "Xcode 14.0";
			developmentRegion = en;
			hasScannedForEncodings = 0;
			knownRegions = (
				en,
				Base,
			);
			mainGroup = 3E1466172B477BC000341450;
			packageReferences = (
				7E9BC2872B4C774800DF0495 /* XCRemoteSwiftPackageReference "SkeletonView" */,
			);
			productRefGroup = 3E1466212B477BC000341450 /* Products */;
			projectDirPath = "";
			projectRoot = "";
			targets = (
				3E14661F2B477BC000341450 /* NasaAPI */,
			);
		};
/* End PBXProject section */

/* Begin PBXResourcesBuildPhase section */
		3E14661E2B477BC000341450 /* Resources */ = {
			isa = PBXResourcesBuildPhase;
			buildActionMask = 2147483647;
			files = (
				3E1466302B477BC100341450 /* LaunchScreen.storyboard in Resources */,
				3E14662D2B477BC100341450 /* Assets.xcassets in Resources */,
				3E14662B2B477BC000341450 /* Main.storyboard in Resources */,
			);
			runOnlyForDeploymentPostprocessing = 0;
		};
/* End PBXResourcesBuildPhase section */

/* Begin PBXSourcesBuildPhase section */
		3E14661C2B477BC000341450 /* Sources */ = {
			isa = PBXSourcesBuildPhase;
			buildActionMask = 2147483647;
			files = (
				3E1466452B47994100341450 /* APIManager.swift in Sources */,
				3E1466282B477BC000341450 /* APODViewController.swift in Sources */,
				3E14663F2B477D6500341450 /* APODData.swift in Sources */,
				3E1466242B477BC000341450 /* AppDelegate.swift in Sources */,
				3E1466262B477BC000341450 /* SceneDelegate.swift in Sources */,
			);
			runOnlyForDeploymentPostprocessing = 0;
		};
/* End PBXSourcesBuildPhase section */

/* Begin PBXVariantGroup section */
		3E1466292B477BC000341450 /* Main.storyboard */ = {
			isa = PBXVariantGroup;
			children = (
				3E14662A2B477BC000341450 /* Base */,
			);
			name = Main.storyboard;
			sourceTree = "<group>";
		};
		3E14662E2B477BC100341450 /* LaunchScreen.storyboard */ = {
			isa = PBXVariantGroup;
			children = (
				3E14662F2B477BC100341450 /* Base */,
			);
			name = LaunchScreen.storyboard;
			sourceTree = "<group>";
		};
/* End PBXVariantGroup section */

/* Begin XCBuildConfiguration section */
		3E1466322B477BC100341450 /* Debug */ = {
			isa = XCBuildConfiguration;
			buildSettings = {
				ALWAYS_SEARCH_USER_PATHS = NO;
				ASSETCATALOG_COMPILER_GENERATE_SWIFT_ASSET_SYMBOL_EXTENSIONS = YES;
				CLANG_ANALYZER_NONNULL = YES;
				CLANG_ANALYZER_NUMBER_OBJECT_CONVERSION = YES_AGGRESSIVE;
				CLANG_CXX_LANGUAGE_STANDARD = "gnu++20";
				CLANG_ENABLE_MODULES = YES;
				CLANG_ENABLE_OBJC_ARC = YES;
				CLANG_ENABLE_OBJC_WEAK = YES;
				CLANG_WARN_BLOCK_CAPTURE_AUTORELEASING = YES;
				CLANG_WARN_BOOL_CONVERSION = YES;
				CLANG_WARN_COMMA = YES;
				CLANG_WARN_CONSTANT_CONVERSION = YES;
				CLANG_WARN_DEPRECATED_OBJC_IMPLEMENTATIONS = YES;
				CLANG_WARN_DIRECT_OBJC_ISA_USAGE = YES_ERROR;
				CLANG_WARN_DOCUMENTATION_COMMENTS = YES;
				CLANG_WARN_EMPTY_BODY = YES;
				CLANG_WARN_ENUM_CONVERSION = YES;
				CLANG_WARN_INFINITE_RECURSION = YES;
				CLANG_WARN_INT_CONVERSION = YES;
				CLANG_WARN_NON_LITERAL_NULL_CONVERSION = YES;
				CLANG_WARN_OBJC_IMPLICIT_RETAIN_SELF = YES;
				CLANG_WARN_OBJC_LITERAL_CONVERSION = YES;
				CLANG_WARN_OBJC_ROOT_CLASS = YES_ERROR;
				CLANG_WARN_QUOTED_INCLUDE_IN_FRAMEWORK_HEADER = YES;
				CLANG_WARN_RANGE_LOOP_ANALYSIS = YES;
				CLANG_WARN_STRICT_PROTOTYPES = YES;
				CLANG_WARN_SUSPICIOUS_MOVE = YES;
				CLANG_WARN_UNGUARDED_AVAILABILITY = YES_AGGRESSIVE;
				CLANG_WARN_UNREACHABLE_CODE = YES;
				CLANG_WARN__DUPLICATE_METHOD_MATCH = YES;
				COPY_PHASE_STRIP = NO;
				DEBUG_INFORMATION_FORMAT = dwarf;
				ENABLE_STRICT_OBJC_MSGSEND = YES;
				ENABLE_TESTABILITY = YES;
				ENABLE_USER_SCRIPT_SANDBOXING = YES;
				GCC_C_LANGUAGE_STANDARD = gnu17;
				GCC_DYNAMIC_NO_PIC = NO;
				GCC_NO_COMMON_BLOCKS = YES;
				GCC_OPTIMIZATION_LEVEL = 0;
				GCC_PREPROCESSOR_DEFINITIONS = (
					"DEBUG=1",
					"$(inherited)",
				);
				GCC_WARN_64_TO_32_BIT_CONVERSION = YES;
				GCC_WARN_ABOUT_RETURN_TYPE = YES_ERROR;
				GCC_WARN_UNDECLARED_SELECTOR = YES;
				GCC_WARN_UNINITIALIZED_AUTOS = YES_AGGRESSIVE;
				GCC_WARN_UNUSED_FUNCTION = YES;
				GCC_WARN_UNUSED_VARIABLE = YES;
				IPHONEOS_DEPLOYMENT_TARGET = 17.0;
				LOCALIZATION_PREFERS_STRING_CATALOGS = YES;
				MTL_ENABLE_DEBUG_INFO = INCLUDE_SOURCE;
				MTL_FAST_MATH = YES;
				ONLY_ACTIVE_ARCH = YES;
				SDKROOT = iphoneos;
				SWIFT_ACTIVE_COMPILATION_CONDITIONS = "DEBUG $(inherited)";
				SWIFT_OPTIMIZATION_LEVEL = "-Onone";
			};
			name = Debug;
		};
		3E1466332B477BC100341450 /* Release */ = {
			isa = XCBuildConfiguration;
			buildSettings = {
				ALWAYS_SEARCH_USER_PATHS = NO;
				ASSETCATALOG_COMPILER_GENERATE_SWIFT_ASSET_SYMBOL_EXTENSIONS = YES;
				CLANG_ANALYZER_NONNULL = YES;
				CLANG_ANALYZER_NUMBER_OBJECT_CONVERSION = YES_AGGRESSIVE;
				CLANG_CXX_LANGUAGE_STANDARD = "gnu++20";
				CLANG_ENABLE_MODULES = YES;
				CLANG_ENABLE_OBJC_ARC = YES;
				CLANG_ENABLE_OBJC_WEAK = YES;
				CLANG_WARN_BLOCK_CAPTURE_AUTORELEASING = YES;
				CLANG_WARN_BOOL_CONVERSION = YES;
				CLANG_WARN_COMMA = YES;
				CLANG_WARN_CONSTANT_CONVERSION = YES;
				CLANG_WARN_DEPRECATED_OBJC_IMPLEMENTATIONS = YES;
				CLANG_WARN_DIRECT_OBJC_ISA_USAGE = YES_ERROR;
				CLANG_WARN_DOCUMENTATION_COMMENTS = YES;
				CLANG_WARN_EMPTY_BODY = YES;
				CLANG_WARN_ENUM_CONVERSION = YES;
				CLANG_WARN_INFINITE_RECURSION = YES;
				CLANG_WARN_INT_CONVERSION = YES;
				CLANG_WARN_NON_LITERAL_NULL_CONVERSION = YES;
				CLANG_WARN_OBJC_IMPLICIT_RETAIN_SELF = YES;
				CLANG_WARN_OBJC_LITERAL_CONVERSION = YES;
				CLANG_WARN_OBJC_ROOT_CLASS = YES_ERROR;
				CLANG_WARN_QUOTED_INCLUDE_IN_FRAMEWORK_HEADER = YES;
				CLANG_WARN_RANGE_LOOP_ANALYSIS = YES;
				CLANG_WARN_STRICT_PROTOTYPES = YES;
				CLANG_WARN_SUSPICIOUS_MOVE = YES;
				CLANG_WARN_UNGUARDED_AVAILABILITY = YES_AGGRESSIVE;
				CLANG_WARN_UNREACHABLE_CODE = YES;
				CLANG_WARN__DUPLICATE_METHOD_MATCH = YES;
				COPY_PHASE_STRIP = NO;
				DEBUG_INFORMATION_FORMAT = "dwarf-with-dsym";
				ENABLE_NS_ASSERTIONS = NO;
				ENABLE_STRICT_OBJC_MSGSEND = YES;
				ENABLE_USER_SCRIPT_SANDBOXING = YES;
				GCC_C_LANGUAGE_STANDARD = gnu17;
				GCC_NO_COMMON_BLOCKS = YES;
				GCC_WARN_64_TO_32_BIT_CONVERSION = YES;
				GCC_WARN_ABOUT_RETURN_TYPE = YES_ERROR;
				GCC_WARN_UNDECLARED_SELECTOR = YES;
				GCC_WARN_UNINITIALIZED_AUTOS = YES_AGGRESSIVE;
				GCC_WARN_UNUSED_FUNCTION = YES;
				GCC_WARN_UNUSED_VARIABLE = YES;
				IPHONEOS_DEPLOYMENT_TARGET = 17.0;
				LOCALIZATION_PREFERS_STRING_CATALOGS = YES;
				MTL_ENABLE_DEBUG_INFO = NO;
				MTL_FAST_MATH = YES;
				SDKROOT = iphoneos;
				SWIFT_COMPILATION_MODE = wholemodule;
				VALIDATE_PRODUCT = YES;
			};
			name = Release;
		};
		3E1466352B477BC100341450 /* Debug */ = {
			isa = XCBuildConfiguration;
			buildSettings = {
				ASSETCATALOG_COMPILER_APPICON_NAME = AppIcon;
				ASSETCATALOG_COMPILER_GLOBAL_ACCENT_COLOR_NAME = AccentColor;
				CODE_SIGN_STYLE = Automatic;
				CURRENT_PROJECT_VERSION = 1;
				GENERATE_INFOPLIST_FILE = YES;
				INFOPLIST_FILE = NasaAPI/Info.plist;
				INFOPLIST_KEY_UIApplicationSupportsIndirectInputEvents = YES;
				INFOPLIST_KEY_UILaunchStoryboardName = LaunchScreen;
				INFOPLIST_KEY_UIMainStoryboardFile = Main;
				INFOPLIST_KEY_UISupportedInterfaceOrientations_iPad = "UIInterfaceOrientationPortrait UIInterfaceOrientationPortraitUpsideDown UIInterfaceOrientationLandscapeLeft UIInterfaceOrientationLandscapeRight";
				INFOPLIST_KEY_UISupportedInterfaceOrientations_iPhone = "UIInterfaceOrientationPortrait UIInterfaceOrientationLandscapeLeft UIInterfaceOrientationLandscapeRight";
				LD_RUNPATH_SEARCH_PATHS = (
					"$(inherited)",
					"@executable_path/Frameworks",
				);
				MARKETING_VERSION = 1.0;
				PRODUCT_BUNDLE_IDENTIFIER = "fernando-gutierrez.NasaAPI";
				PRODUCT_NAME = "$(TARGET_NAME)";
				SWIFT_EMIT_LOC_STRINGS = YES;
				SWIFT_VERSION = 5.0;
				TARGETED_DEVICE_FAMILY = "1,2";
			};
			name = Debug;
		};
		3E1466362B477BC100341450 /* Release */ = {
			isa = XCBuildConfiguration;
			buildSettings = {
				ASSETCATALOG_COMPILER_APPICON_NAME = AppIcon;
				ASSETCATALOG_COMPILER_GLOBAL_ACCENT_COLOR_NAME = AccentColor;
				CODE_SIGN_STYLE = Automatic;
				CURRENT_PROJECT_VERSION = 1;
				GENERATE_INFOPLIST_FILE = YES;
				INFOPLIST_FILE = NasaAPI/Info.plist;
				INFOPLIST_KEY_UIApplicationSupportsIndirectInputEvents = YES;
				INFOPLIST_KEY_UILaunchStoryboardName = LaunchScreen;
				INFOPLIST_KEY_UIMainStoryboardFile = Main;
				INFOPLIST_KEY_UISupportedInterfaceOrientations_iPad = "UIInterfaceOrientationPortrait UIInterfaceOrientationPortraitUpsideDown UIInterfaceOrientationLandscapeLeft UIInterfaceOrientationLandscapeRight";
				INFOPLIST_KEY_UISupportedInterfaceOrientations_iPhone = "UIInterfaceOrientationPortrait UIInterfaceOrientationLandscapeLeft UIInterfaceOrientationLandscapeRight";
				LD_RUNPATH_SEARCH_PATHS = (
					"$(inherited)",
					"@executable_path/Frameworks",
				);
				MARKETING_VERSION = 1.0;
				PRODUCT_BUNDLE_IDENTIFIER = "fernando-gutierrez.NasaAPI";
				PRODUCT_NAME = "$(TARGET_NAME)";
				SWIFT_EMIT_LOC_STRINGS = YES;
				SWIFT_VERSION = 5.0;
				TARGETED_DEVICE_FAMILY = "1,2";
			};
			name = Release;
		};
/* End XCBuildConfiguration section */

/* Begin XCConfigurationList section */
		3E14661B2B477BC000341450 /* Build configuration list for PBXProject "NasaAPI" */ = {
			isa = XCConfigurationList;
			buildConfigurations = (
				3E1466322B477BC100341450 /* Debug */,
				3E1466332B477BC100341450 /* Release */,
			);
			defaultConfigurationIsVisible = 0;
			defaultConfigurationName = Release;
		};
		3E1466342B477BC100341450 /* Build configuration list for PBXNativeTarget "NasaAPI" */ = {
			isa = XCConfigurationList;
			buildConfigurations = (
				3E1466352B477BC100341450 /* Debug */,
				3E1466362B477BC100341450 /* Release */,
			);
			defaultConfigurationIsVisible = 0;
			defaultConfigurationName = Release;
		};
/* End XCConfigurationList section */

/* Begin XCRemoteSwiftPackageReference section */
		7E9BC2872B4C774800DF0495 /* XCRemoteSwiftPackageReference "SkeletonView" */ = {
			isa = XCRemoteSwiftPackageReference;
			repositoryURL = "https://github.com/Juanpe/SkeletonView.git";
			requirement = {
				kind = upToNextMajorVersion;
				minimumVersion = 1.30.4;
			};
		};
/* End XCRemoteSwiftPackageReference section */

/* Begin XCSwiftPackageProductDependency section */
		7E9BC2882B4C774800DF0495 /* SkeletonView */ = {
			isa = XCSwiftPackageProductDependency;
			package = 7E9BC2872B4C774800DF0495 /* XCRemoteSwiftPackageReference "SkeletonView" */;
			productName = SkeletonView;
		};
/* End XCSwiftPackageProductDependency section */
	};
	rootObject = 3E1466182B477BC000341450 /* Project object */;
}
